
Microsoft Visual Studio Solution File, Format Version 12.00
Project("{FAE04EC0-301F-11D3-BF4B-00C04F79EFBC}") = "As.Park.Web", "As.Park.Web\As.Park.Web.csproj", "{A28F40F4-556D-4CE5-895C-4C89F04CE3AC}"
EndProject
Project("{FAE04EC0-301F-11D3-BF4B-00C04F79EFBC}") = "As.Park.Model", "As.Park.Model\As.Park.Model.csproj", "{5F4D1EAA-A0A4-4F0E-9758-205DF7D24241}"
EndProject
Project("{FAE04EC0-301F-11D3-BF4B-00C04F79EFBC}") = "As.Park.Services", "As.Park.Services\As.Park.Services.csproj", "{E7A61DB7-740B-4035-84A9-78CC71FC1504}"
EndProject
Global
	GlobalSection(SolutionConfigurationPlatforms) = preSolution
		Debug|Any CPU = Debug|Any CPU
		Release|Any CPU = Release|Any CPU
	EndGlobalSection
	GlobalSection(ProjectConfigurationPlatforms) = postSolution
		{A28F40F4-556D-4CE5-895C-4C89F04CE3AC}.Debug|Any CPU.ActiveCfg = Debug|Any CPU
		{A28F40F4-556D-4CE5-895C-4C89F04CE3AC}.Debug|Any CPU.Build.0 = Debug|Any CPU
		{A28F40F4-556D-4CE5-895C-4C89F04CE3AC}.Release|Any CPU.ActiveCfg = Release|Any CPU
		{A28F40F4-556D-4CE5-895C-4C89F04CE3AC}.Release|Any CPU.Build.0 = Release|Any CPU
		{5F4D1EAA-A0A4-4F0E-9758-205DF7D24241}.Debug|Any CPU.ActiveCfg = Debug|Any CPU
		{5F4D1EAA-A0A4-4F0E-9758-205DF7D24241}.Debug|Any CPU.Build.0 = Debug|Any CPU
		{5F4D1EAA-A0A4-4F0E-9758-205DF7D24241}.Release|Any CPU.ActiveCfg = Release|Any CPU
		{5F4D1EAA-A0A4-4F0E-9758-205DF7D24241}.Release|Any CPU.Build.0 = Release|Any CPU
		{E7A61DB7-740B-4035-84A9-78CC71FC1504}.Debug|Any CPU.ActiveCfg = Debug|Any CPU
		{E7A61DB7-740B-4035-84A9-78CC71FC1504}.Debug|Any CPU.Build.0 = Debug|Any CPU
		{E7A61DB7-740B-4035-84A9-78CC71FC1504}.Release|Any CPU.ActiveCfg = Release|Any CPU
		{E7A61DB7-740B-4035-84A9-78CC71FC1504}.Release|Any CPU.Build.0 = Release|Any CPU
	EndGlobalSection
EndGlobal
